
Microsoft Visual Studio Solution File, Format Version 12.00
Project("{FAE04EC0-301F-11D3-BF4B-00C04F79EFBC}") = "Tutorial4", "Tutorial4\Tutorial4.csproj", "{971EA5C0-30AA-48CD-87FC-FD6CED432430}"
EndProject
Global
	GlobalSection(SolutionConfigurationPlatforms) = preSolution
		Debug|Any CPU = Debug|Any CPU
		Release|Any CPU = Release|Any CPU
	EndGlobalSection
	GlobalSection(ProjectConfigurationPlatforms) = postSolution
		{971EA5C0-30AA-48CD-87FC-FD6CED432430}.Debug|Any CPU.ActiveCfg = Debug|Any CPU
		{971EA5C0-30AA-48CD-87FC-FD6CED432430}.Debug|Any CPU.Build.0 = Debug|Any CPU
		{971EA5C0-30AA-48CD-87FC-FD6CED432430}.Release|Any CPU.ActiveCfg = Release|Any CPU
		{971EA5C0-30AA-48CD-87FC-FD6CED432430}.Release|Any CPU.Build.0 = Release|Any CPU
	EndGlobalSection
EndGlobal
